PODS:
  - FHHFPSIndicator (1.0.0)
  - FLAnimatedImage (1.0.12)
  - KVOController (1.2.0)
  - Masonry (1.1.0)

DEPENDENCIES:
  - FHHFPSIndicator
  - FLAnimatedImage (~> 1.0.12)
  - KVOController (~> 1.2.0)
  - Masonry

SPEC REPOS:
  https://github.com/cocoapods/specs.git:
    - FHHFPSIndicator
    - FLAnimatedImage
    - KVOController
    - Masonry

SPEC CHECKSUMS:
  FHHFPSIndicator: b4d34c3a93b702ad18358a4eb49839f83f4f30fb
  FLAnimatedImage: 4a0b56255d9b05f18b6dd7ee06871be5d3b89e31
  KVOController: d72ace34afea42468329623b3379ab3cd1d286b6
  Masonry: 678fab65091a9290e40e2832a55e7ab731aad201

PODFILE CHECKSUM: dca50d386d3a8ef3b33bf605995e005252f736fc

COCOAPODS: 1.5.3
